
Microsoft Visual Studio Solution File, Format Version 12.00
# Visual Studio 15
VisualStudioVersion = 15.0.27004.2009
MinimumVisualStudioVersion = 10.0.40219.1
Project("{FAE04EC0-301F-11D3-BF4B-00C04F79EFBC}") = "Opdracht 1", "Week 2\Opdracht 1.csproj", "{AED28ED5-3F19-47B5-8B9D-09F74E79515B}"
EndProject
Project("{FAE04EC0-301F-11D3-BF4B-00C04F79EFBC}") = "Opdracht 2", "Opdracht 2\Opdracht 2.csproj", "{B173BA7E-1DC2-4B08-B4C6-168A2C05C6B0}"
EndProject
Global
	GlobalSection(SolutionConfigurationPlatforms) = preSolution
		Debug|Any CPU = Debug|Any CPU
		Release|Any CPU = Release|Any CPU
	EndGlobalSection
	GlobalSection(ProjectConfigurationPlatforms) = postSolution
		{AED28ED5-3F19-47B5-8B9D-09F74E79515B}.Debug|Any CPU.ActiveCfg = Debug|Any CPU
		{AED28ED5-3F19-47B5-8B9D-09F74E79515B}.Debug|Any CPU.Build.0 = Debug|Any CPU
		{AED28ED5-3F19-47B5-8B9D-09F74E79515B}.Release|Any CPU.ActiveCfg = Release|Any CPU
		{AED28ED5-3F19-47B5-8B9D-09F74E79515B}.Release|Any CPU.Build.0 = Release|Any CPU
		{B173BA7E-1DC2-4B08-B4C6-168A2C05C6B0}.Debug|Any CPU.ActiveCfg = Debug|Any CPU
		{B173BA7E-1DC2-4B08-B4C6-168A2C05C6B0}.Debug|Any CPU.Build.0 = Debug|Any CPU
		{B173BA7E-1DC2-4B08-B4C6-168A2C05C6B0}.Release|Any CPU.ActiveCfg = Release|Any CPU
		{B173BA7E-1DC2-4B08-B4C6-168A2C05C6B0}.Release|Any CPU.Build.0 = Release|Any CPU
	EndGlobalSection
	GlobalSection(SolutionProperties) = preSolution
		HideSolutionNode = FALSE
	EndGlobalSection
	GlobalSection(ExtensibilityGlobals) = postSolution
		SolutionGuid = {3C836322-7C2B-40E9-92EE-4277282BD5F3}
	EndGlobalSection
EndGlobal
