
Microsoft Visual Studio Solution File, Format Version 12.00
# Visual Studio 15
VisualStudioVersion = 15.0.27004.2009
MinimumVisualStudioVersion = 10.0.40219.1
Project("{FAE04EC0-301F-11D3-BF4B-00C04F79EFBC}") = "Opdracht 1", "Opdracht 1\Opdracht 1.csproj", "{7C6F6745-AB97-43C1-BFFC-AC5D5225C42B}"
EndProject
Global
	GlobalSection(SolutionConfigurationPlatforms) = preSolution
		Debug|Any CPU = Debug|Any CPU
		Release|Any CPU = Release|Any CPU
	EndGlobalSection
	GlobalSection(ProjectConfigurationPlatforms) = postSolution
		{7C6F6745-AB97-43C1-BFFC-AC5D5225C42B}.Debug|Any CPU.ActiveCfg = Debug|Any CPU
		{7C6F6745-AB97-43C1-BFFC-AC5D5225C42B}.Debug|Any CPU.Build.0 = Debug|Any CPU
		{7C6F6745-AB97-43C1-BFFC-AC5D5225C42B}.Release|Any CPU.ActiveCfg = Release|Any CPU
		{7C6F6745-AB97-43C1-BFFC-AC5D5225C42B}.Release|Any CPU.Build.0 = Release|Any CPU
	EndGlobalSection
	GlobalSection(SolutionProperties) = preSolution
		HideSolutionNode = FALSE
	EndGlobalSection
	GlobalSection(ExtensibilityGlobals) = postSolution
		SolutionGuid = {436A4D99-27BE-42A0-8789-25ACBF50BB78}
	EndGlobalSection
EndGlobal
