
Microsoft Visual Studio Solution File, Format Version 12.00
# Visual Studio 14
VisualStudioVersion = 14.0.25420.1
MinimumVisualStudioVersion = 10.0.40219.1
Project("{FAE04EC0-301F-11D3-BF4B-00C04F79EFBC}") = "Opdracht 1", "Opdracht 1\Opdracht 1.csproj", "{A17F2E7A-CDB1-478F-AD17-20B72E50F4D7}"
EndProject
Project("{FAE04EC0-301F-11D3-BF4B-00C04F79EFBC}") = "Opdracht 2", "Opdracht 2\Opdracht 2.csproj", "{7081B99D-5F6B-43FB-A0A6-77229E9C56B9}"
EndProject
Project("{FAE04EC0-301F-11D3-BF4B-00C04F79EFBC}") = "Opdracht 3", "Opdracht 3\Opdracht 3.csproj", "{96F9732A-1642-4C1C-A25A-01C74C278D2D}"
EndProject
Global
	GlobalSection(SolutionConfigurationPlatforms) = preSolution
		Debug|Any CPU = Debug|Any CPU
		Release|Any CPU = Release|Any CPU
	EndGlobalSection
	GlobalSection(ProjectConfigurationPlatforms) = postSolution
		{A17F2E7A-CDB1-478F-AD17-20B72E50F4D7}.Debug|Any CPU.ActiveCfg = Debug|Any CPU
		{A17F2E7A-CDB1-478F-AD17-20B72E50F4D7}.Debug|Any CPU.Build.0 = Debug|Any CPU
		{A17F2E7A-CDB1-478F-AD17-20B72E50F4D7}.Release|Any CPU.ActiveCfg = Release|Any CPU
		{A17F2E7A-CDB1-478F-AD17-20B72E50F4D7}.Release|Any CPU.Build.0 = Release|Any CPU
		{7081B99D-5F6B-43FB-A0A6-77229E9C56B9}.Debug|Any CPU.ActiveCfg = Debug|Any CPU
		{7081B99D-5F6B-43FB-A0A6-77229E9C56B9}.Debug|Any CPU.Build.0 = Debug|Any CPU
		{7081B99D-5F6B-43FB-A0A6-77229E9C56B9}.Release|Any CPU.ActiveCfg = Release|Any CPU
		{7081B99D-5F6B-43FB-A0A6-77229E9C56B9}.Release|Any CPU.Build.0 = Release|Any CPU
		{96F9732A-1642-4C1C-A25A-01C74C278D2D}.Debug|Any CPU.ActiveCfg = Debug|Any CPU
		{96F9732A-1642-4C1C-A25A-01C74C278D2D}.Debug|Any CPU.Build.0 = Debug|Any CPU
		{96F9732A-1642-4C1C-A25A-01C74C278D2D}.Release|Any CPU.ActiveCfg = Release|Any CPU
		{96F9732A-1642-4C1C-A25A-01C74C278D2D}.Release|Any CPU.Build.0 = Release|Any CPU
	EndGlobalSection
	GlobalSection(SolutionProperties) = preSolution
		HideSolutionNode = FALSE
	EndGlobalSection
EndGlobal
